
Microsoft Visual Studio Solution File, Format Version 12.00
# Visual Studio Version 17
VisualStudioVersion = 17.10.34916.146
MinimumVisualStudioVersion = 10.0.40219.1
Project("{FAE04EC0-301F-11D3-BF4B-00C04F79EFBC}") = "WebClient", "WebClient\WebClient.csproj", "{B468853E-BB21-48CD-8753-B256EAF2A715}"
EndProject
Global
	GlobalSection(SolutionConfigurationPlatforms) = preSolution
		Debug|Any CPU = Debug|Any CPU
		Release|Any CPU = Release|Any CPU
	EndGlobalSection
	GlobalSection(ProjectConfigurationPlatforms) = postSolution
		{B468853E-BB21-48CD-8753-B256EAF2A715}.Debug|Any CPU.ActiveCfg = Debug|Any CPU
		{B468853E-BB21-48CD-8753-B256EAF2A715}.Debug|Any CPU.Build.0 = Debug|Any CPU
		{B468853E-BB21-48CD-8753-B256EAF2A715}.Release|Any CPU.ActiveCfg = Release|Any CPU
		{B468853E-BB21-48CD-8753-B256EAF2A715}.Release|Any CPU.Build.0 = Release|Any CPU
	EndGlobalSection
	GlobalSection(SolutionProperties) = preSolution
		HideSolutionNode = FALSE
	EndGlobalSection
	GlobalSection(ExtensibilityGlobals) = postSolution
		SolutionGuid = {0473D5E6-3D30-4BE1-9967-023C24DF0793}
	EndGlobalSection
EndGlobal
